// !$*UTF8*$!
{
	archiveVersion = 1;
	classes = {
	};
	objectVersion = 46;
	objects = {

/* Begin PBXBuildFile section */
		66C74F951A27CC31007804C6 /* Foundation.framework in Frameworks */ = {isa = PBXBuildFile; fileRef = 66C74F941A27CC31007804C6 /* Foundation.framework */; };
		66C74F971A27CC31007804C6 /* CoreGraphics.framework in Frameworks */ = {isa = PBXBuildFile; fileRef = 66C74F961A27CC31007804C6 /* CoreGraphics.framework */; };
		66C74F991A27CC31007804C6 /* UIKit.framework in Frameworks */ = {isa = PBXBuildFile; fileRef = 66C74F981A27CC31007804C6 /* UIKit.framework */; };
		66C74F9F1A27CC31007804C6 /* InfoPlist.strings in Resources */ = {isa = PBXBuildFile; fileRef = 66C74F9D1A27CC31007804C6 /* InfoPlist.strings */; };
		66C74FA11A27CC31007804C6 /* main.m in Sources */ = {isa = PBXBuildFile; fileRef = 66C74FA01A27CC31007804C6 /* main.m */; };
		66C74FA51A27CC31007804C6 /* RBAppDelegate.m in Sources */ = {isa = PBXBuildFile; fileRef = 66C74FA41A27CC31007804C6 /* RBAppDelegate.m */; };
		66C74FA81A27CC31007804C6 /* Main.storyboard in Resources */ = {isa = PBXBuildFile; fileRef = 66C74FA61A27CC31007804C6 /* Main.storyboard */; };
		66C74FAB1A27CC31007804C6 /* RBViewController.m in Sources */ = {isa = PBXBuildFile; fileRef = 66C74FAA1A27CC31007804C6 /* RBViewController.m */; };
		66C74FAD1A27CC31007804C6 /* Images.xcassets in Resources */ = {isa = PBXBuildFile; fileRef = 66C74FAC1A27CC31007804C6 /* Images.xcassets */; };
		66C74FB41A27CC31007804C6 /* XCTest.framework in Frameworks */ = {isa = PBXBuildFile; fileRef = 66C74FB31A27CC31007804C6 /* XCTest.framework */; };
		66C74FB51A27CC31007804C6 /* Foundation.framework in Frameworks */ = {isa = PBXBuildFile; fileRef = 66C74F941A27CC31007804C6 /* Foundation.framework */; };
		66C74FB61A27CC31007804C6 /* UIKit.framework in Frameworks */ = {isa = PBXBuildFile; fileRef = 66C74F981A27CC31007804C6 /* UIKit.framework */; };
		66C74FBE1A27CC31007804C6 /* InfoPlist.strings in Resources */ = {isa = PBXBuildFile; fileRef = 66C74FBC1A27CC31007804C6 /* InfoPlist.strings */; };
		66C74FC01A27CC31007804C6 /* Git_TestTests.m in Sources */ = {isa = PBXBuildFile; fileRef = 66C74FBF1A27CC31007804C6 /* Git_TestTests.m */; };
/* End PBXBuildFile section */

/* Begin PBXContainerItemProxy section */
		66C74FB71A27CC31007804C6 /* PBXContainerItemProxy */ = {
			isa = PBXContainerItemProxy;
			containerPortal = 66C74F891A27CC31007804C6 /* Project object */;
			proxyType = 1;
			remoteGlobalIDString = 66C74F901A27CC31007804C6;
			remoteInfo = "Git Test";
		};
/* End PBXContainerItemProxy section */

/* Begin PBXFileReference section */
		66C74F911A27CC31007804C6 /* Git Test.app */ = {isa = PBXFileReference; explicitFileType = wrapper.application; includeInIndex = 0; path = "Git Test.app"; sourceTree = BUILT_PRODUCTS_DIR; };
		66C74F941A27CC31007804C6 /* Foundation.framework */ = {isa = PBXFileReference; lastKnownFileType = wrapper.framework; name = Foundation.framework; path = System/Library/Frameworks/Foundation.framework; sourceTree = SDKROOT; };
		66C74F961A27CC31007804C6 /* CoreGraphics.framework */ = {isa = PBXFileReference; lastKnownFileType = wrapper.framework; name = CoreGraphics.framework; path = System/Library/Frameworks/CoreGraphics.framework; sourceTree = SDKROOT; };
		66C74F981A27CC31007804C6 /* UIKit.framework */ = {isa = PBXFileReference; lastKnownFileType = wrapper.framework; name = UIKit.framework; path = System/Library/Frameworks/UIKit.framework; sourceTree = SDKROOT; };
		66C74F9C1A27CC31007804C6 /* Git Test-Info.plist */ = {isa = PBXFileReference; lastKnownFileType = text.plist.xml; path = "Git Test-Info.plist"; sourceTree = "<group>"; };
		66C74F9E1A27CC31007804C6 /* en */ = {isa = PBXFileReference; lastKnownFileType = text.plist.strings; name = en; path = en.lproj/InfoPlist.strings; sourceTree = "<group>"; };
		66C74FA01A27CC31007804C6 /* main.m */ = {isa = PBXFileReference; lastKnownFileType = sourcecode.c.objc; path = main.m; sourceTree = "<group>"; };
		66C74FA21A27CC31007804C6 /* Git Test-Prefix.pch */ = {isa = PBXFileReference; lastKnownFileType = sourcecode.c.h; path = "Git Test-Prefix.pch"; sourceTree = "<group>"; };
		66C74FA31A27CC31007804C6 /* RBAppDelegate.h */ = {isa = PBXFileReference; lastKnownFileType = sourcecode.c.h; path = RBAppDelegate.h; sourceTree = "<group>"; };
		66C74FA41A27CC31007804C6 /* RBAppDelegate.m */ = {isa = PBXFileReference; lastKnownFileType = sourcecode.c.objc; path = RBAppDelegate.m; sourceTree = "<group>"; };
		66C74FA71A27CC31007804C6 /* Base */ = {isa = PBXFileReference; lastKnownFileType = file.storyboard; name = Base; path = Base.lproj/Main.storyboard; sourceTree = "<group>"; };
		66C74FA91A27CC31007804C6 /* RBViewController.h */ = {isa = PBXFileReference; lastKnownFileType = sourcecode.c.h; path = RBViewController.h; sourceTree = "<group>"; };
		66C74FAA1A27CC31007804C6 /* RBViewController.m */ = {isa = PBXFileReference; lastKnownFileType = sourcecode.c.objc; path = RBViewController.m; sourceTree = "<group>"; };
		66C74FAC1A27CC31007804C6 /* Images.xcassets */ = {isa = PBXFileReference; lastKnownFileType = folder.assetcatalog; path = Images.xcassets; sourceTree = "<group>"; };
		66C74FB21A27CC31007804C6 /* Git TestTests.xctest */ = {isa = PBXFileReference; explicitFileType = wrapper.cfbundle; includeInIndex = 0; path = "Git TestTests.xctest"; sourceTree = BUILT_PRODUCTS_DIR; };
		66C74FB31A27CC31007804C6 /* XCTest.framework */ = {isa = PBXFileReference; lastKnownFileType = wrapper.framework; name = XCTest.framework; path = Library/Frameworks/XCTest.framework; sourceTree = DEVELOPER_DIR; };
		66C74FBB1A27CC31007804C6 /* Git TestTests-Info.plist */ = {isa = PBXFileReference; lastKnownFileType = text.plist.xml; path = "Git TestTests-Info.plist"; sourceTree = "<group>"; };
		66C74FBD1A27CC31007804C6 /* en */ = {isa = PBXFileReference; lastKnownFileType = text.plist.strings; name = en; path = en.lproj/InfoPlist.strings; sourceTree = "<group>"; };
		66C74FBF1A27CC31007804C6 /* Git_TestTests.m */ = {isa = PBXFileReference; lastKnownFileType = sourcecode.c.objc; path = Git_TestTests.m; sourceTree = "<group>"; };
/* End PBXFileReference section */

/* Begin PBXFrameworksBuildPhase section */
		66C74F8E1A27CC31007804C6 /* Frameworks */ = {
			isa = PBXFrameworksBuildPhase;
			buildActionMask = 2147483647;
			files = (
				66C74F971A27CC31007804C6 /* CoreGraphics.framework in Frameworks */,
				66C74F991A27CC31007804C6 /* UIKit.framework in Frameworks */,
				66C74F951A27CC31007804C6 /* Foundation.framework in Frameworks */,
			);
			runOnlyForDeploymentPostprocessing = 0;
		};
		66C74FAF1A27CC31007804C6 /* Frameworks */ = {
			isa = PBXFrameworksBuildPhase;
			buildActionMask = 2147483647;
			files = (
				66C74FB41A27CC31007804C6 /* XCTest.framework in Frameworks */,
				66C74FB61A27CC31007804C6 /* UIKit.framework in Frameworks */,
				66C74FB51A27CC31007804C6 /* Foundation.framework in Frameworks */,
			);
			runOnlyForDeploymentPostprocessing = 0;
		};
/* End PBXFrameworksBuildPhase section */

/* Begin PBXGroup section */
		66C74F881A27CC31007804C6 = {
			isa = PBXGroup;
			children = (
				66C74F9A1A27CC31007804C6 /* Git Test */,
				66C74FB91A27CC31007804C6 /* Git TestTests */,
				66C74F931A27CC31007804C6 /* Frameworks */,
				66C74F921A27CC31007804C6 /* Products */,
			);
			sourceTree = "<group>";
		};
		66C74F921A27CC31007804C6 /* Products */ = {
			isa = PBXGroup;
			children = (
				66C74F911A27CC31007804C6 /* Git Test.app */,
				66C74FB21A27CC31007804C6 /* Git TestTests.xctest */,
			);
			name = Products;
			sourceTree = "<group>";
		};
		66C74F931A27CC31007804C6 /* Frameworks */ = {
			isa = PBXGroup;
			children = (
				66C74F941A27CC31007804C6 /* Foundation.framework */,
				66C74F961A27CC31007804C6 /* CoreGraphics.framework */,
				66C74F981A27CC31007804C6 /* UIKit.framework */,
				66C74FB31A27CC31007804C6 /* XCTest.framework */,
			);
			name = Frameworks;
			sourceTree = "<group>";
		};
		66C74F9A1A27CC31007804C6 /* Git Test */ = {
			isa = PBXGroup;
			children = (
				66C74FA31A27CC31007804C6 /* RBAppDelegate.h */,
				66C74FA41A27CC31007804C6 /* RBAppDelegate.m */,
				66C74FA61A27CC31007804C6 /* Main.storyboard */,
				66C74FA91A27CC31007804C6 /* RBViewController.h */,
				66C74FAA1A27CC31007804C6 /* RBViewController.m */,
				66C74FAC1A27CC31007804C6 /* Images.xcassets */,
				66C74F9B1A27CC31007804C6 /* Supporting Files */,
			);
			path = "Git Test";
			sourceTree = "<group>";
		};
		66C74F9B1A27CC31007804C6 /* Supporting Files */ = {
			isa = PBXGroup;
			children = (
				66C74F9C1A27CC31007804C6 /* Git Test-Info.plist */,
				66C74F9D1A27CC31007804C6 /* InfoPlist.strings */,
				66C74FA01A27CC31007804C6 /* main.m */,
				66C74FA21A27CC31007804C6 /* Git Test-Prefix.pch */,
			);
			name = "Supporting Files";
			sourceTree = "<group>";
		};
		66C74FB91A27CC31007804C6 /* Git TestTests */ = {
			isa = PBXGroup;
			children = (
				66C74FBF1A27CC31007804C6 /* Git_TestTests.m */,
				66C74FBA1A27CC31007804C6 /* Supporting Files */,
			);
			path = "Git TestTests";
			sourceTree = "<group>";
		};
		66C74FBA1A27CC31007804C6 /* Supporting Files */ = {
			isa = PBXGroup;
			children = (
				66C74FBB1A27CC31007804C6 /* Git TestTests-Info.plist */,
				66C74FBC1A27CC31007804C6 /* InfoPlist.strings */,
			);
			name = "Supporting Files";
			sourceTree = "<group>";
		};
/* End PBXGroup section */

/* Begin PBXNativeTarget section */
		66C74F901A27CC31007804C6 /* Git Test */ = {
			isa = PBXNativeTarget;
			buildConfigurationList = 66C74FC31A27CC31007804C6 /* Build configuration list for PBXNativeTarget "Git Test" */;
			buildPhases = (
				66C74F8D1A27CC31007804C6 /* Sources */,
				66C74F8E1A27CC31007804C6 /* Frameworks */,
				66C74F8F1A27CC31007804C6 /* Resources */,
			);
			buildRules = (
			);
			dependencies = (
			);
			name = "Git Test";
			productName = "Git Test";
			productReference = 66C74F911A27CC31007804C6 /* Git Test.app */;
			productType = "com.apple.product-type.application";
		};
		66C74FB11A27CC31007804C6 /* Git TestTests */ = {
			isa = PBXNativeTarget;
			buildConfigurationList = 66C74FC61A27CC31007804C6 /* Build configuration list for PBXNativeTarget "Git TestTests" */;
			buildPhases = (
				66C74FAE1A27CC31007804C6 /* Sources */,
				66C74FAF1A27CC31007804C6 /* Frameworks */,
				66C74FB01A27CC31007804C6 /* Resources */,
			);
			buildRules = (
			);
			dependencies = (
				66C74FB81A27CC31007804C6 /* PBXTargetDependency */,
			);
			name = "Git TestTests";
			productName = "Git TestTests";
			productReference = 66C74FB21A27CC31007804C6 /* Git TestTests.xctest */;
			productType = "com.apple.product-type.bundle.unit-test";
		};
/* End PBXNativeTarget section */

/* Begin PBXProject section */
		66C74F891A27CC31007804C6 /* Project object */ = {
			isa = PBXProject;
			attributes = {
				CLASSPREFIX = RB;
				LastUpgradeCheck = 0510;
				ORGANIZATIONNAME = BobIntel2;
				TargetAttributes = {
					66C74FB11A27CC31007804C6 = {
						TestTargetID = 66C74F901A27CC31007804C6;
					};
				};
			};
			buildConfigurationList = 66C74F8C1A27CC31007804C6 /* Build configuration list for PBXProject "Git Test" */;
			compatibilityVersion = "Xcode 3.2";
			developmentRegion = English;
			hasScannedForEncodings = 0;
			knownRegions = (
				en,
				Base,
			);
			mainGroup = 66C74F881A27CC31007804C6;
			productRefGroup = 66C74F921A27CC31007804C6 /* Products */;
			projectDirPath = "";
			projectRoot = "";
			targets = (
				66C74F901A27CC31007804C6 /* Git Test */,
				66C74FB11A27CC31007804C6 /* Git TestTests */,
			);
		};
/* End PBXProject section */

/* Begin PBXResourcesBuildPhase section */
		66C74F8F1A27CC31007804C6 /* Resources */ = {
			isa = PBXResourcesBuildPhase;
			buildActionMask = 2147483647;
			files = (
				66C74FAD1A27CC31007804C6 /* Images.xcassets in Resources */,
				66C74F9F1A27CC31007804C6 /* InfoPlist.strings in Resources */,
				66C74FA81A27CC31007804C6 /* Main.storyboard in Resources */,
			);
			runOnlyForDeploymentPostprocessing = 0;
		};
		66C74FB01A27CC31007804C6 /* Resources */ = {
			isa = PBXResourcesBuildPhase;
			buildActionMask = 2147483647;
			files = (
				66C74FBE1A27CC31007804C6 /* InfoPlist.strings in Resources */,
			);
			runOnlyForDeploymentPostprocessing = 0;
		};
/* End PBXResourcesBuildPhase section */

/* Begin PBXSourcesBuildPhase section */
		66C74F8D1A27CC31007804C6 /* Sources */ = {
			isa = PBXSourcesBuildPhase;
			buildActionMask = 2147483647;
			files = (
				66C74FA51A27CC31007804C6 /* RBAppDelegate.m in Sources */,
				66C74FA11A27CC31007804C6 /* main.m in Sources */,
				66C74FAB1A27CC31007804C6 /* RBViewController.m in Sources */,
			);
			runOnlyForDeploymentPostprocessing = 0;
		};
		66C74FAE1A27CC31007804C6 /* Sources */ = {
			isa = PBXSourcesBuildPhase;
			buildActionMask = 2147483647;
			files = (
				66C74FC01A27CC31007804C6 /* Git_TestTests.m in Sources */,
			);
			runOnlyForDeploymentPostprocessing = 0;
		};
/* End PBXSourcesBuildPhase section */

/* Begin PBXTargetDependency section */
		66C74FB81A27CC31007804C6 /* PBXTargetDependency */ = {
			isa = PBXTargetDependency;
			target = 66C74F901A27CC31007804C6 /* Git Test */;
			targetProxy = 66C74FB71A27CC31007804C6 /* PBXContainerItemProxy */;
		};
/* End PBXTargetDependency section */

/* Begin PBXVariantGroup section */
		66C74F9D1A27CC31007804C6 /* InfoPlist.strings */ = {
			isa = PBXVariantGroup;
			children = (
				66C74F9E1A27CC31007804C6 /* en */,
			);
			name = InfoPlist.strings;
			sourceTree = "<group>";
		};
		66C74FA61A27CC31007804C6 /* Main.storyboard */ = {
			isa = PBXVariantGroup;
			children = (
				66C74FA71A27CC31007804C6 /* Base */,
			);
			name = Main.storyboard;
			sourceTree = "<group>";
		};
		66C74FBC1A27CC31007804C6 /* InfoPlist.strings */ = {
			isa = PBXVariantGroup;
			children = (
				66C74FBD1A27CC31007804C6 /* en */,
			);
			name = InfoPlist.strings;
			sourceTree = "<group>";
		};
/* End PBXVariantGroup section */

/* Begin XCBuildConfiguration section */
		66C74FC11A27CC31007804C6 /* Debug */ = {
			isa = XCBuildConfiguration;
			buildSettings = {
				ALWAYS_SEARCH_USER_PATHS = NO;
				CLANG_CXX_LANGUAGE_STANDARD = "gnu++0x";
				CLANG_CXX_LIBRARY = "libc++";
				CLANG_ENABLE_MODULES = YES;
				CLANG_ENABLE_OBJC_ARC = YES;
				CLANG_WARN_BOOL_CONVERSION = YES;
				CLANG_WARN_CONSTANT_CONVERSION = YES;
				CLANG_WARN_DIRECT_OBJC_ISA_USAGE = YES_ERROR;
				CLANG_WARN_EMPTY_BODY = YES;
				CLANG_WARN_ENUM_CONVERSION = YES;
				CLANG_WARN_INT_CONVERSION = YES;
				CLANG_WARN_OBJC_ROOT_CLASS = YES_ERROR;
				CLANG_WARN__DUPLICATE_METHOD_MATCH = YES;
				"CODE_SIGN_IDENTITY[sdk=iphoneos*]" = "iPhone Developer";
				COPY_PHASE_STRIP = NO;
				GCC_C_LANGUAGE_STANDARD = gnu99;
				GCC_DYNAMIC_NO_PIC = NO;
				GCC_OPTIMIZATION_LEVEL = 0;
				GCC_PREPROCESSOR_DEFINITIONS = (
					"DEBUG=1",
					"$(inherited)",
				);
				GCC_SYMBOLS_PRIVATE_EXTERN = NO;
				GCC_WARN_64_TO_32_BIT_CONVERSION = YES;
				GCC_WARN_ABOUT_RETURN_TYPE = YES_ERROR;
				GCC_WARN_UNDECLARED_SELECTOR = YES;
				GCC_WARN_UNINITIALIZED_AUTOS = YES_AGGRESSIVE;
				GCC_WARN_UNUSED_FUNCTION = YES;
				GCC_WARN_UNUSED_VARIABLE = YES;
				IPHONEOS_DEPLOYMENT_TARGET = 7.1;
				ONLY_ACTIVE_ARCH = YES;
				SDKROOT = iphoneos;
			};
			name = Debug;
		};
		66C74FC21A27CC31007804C6 /* Release */ = {
			isa = XCBuildConfiguration;
			buildSettings = {
				ALWAYS_SEARCH_USER_PATHS = NO;
				CLANG_CXX_LANGUAGE_STANDARD = "gnu++0x";
				CLANG_CXX_LIBRARY = "libc++";
				CLANG_ENABLE_MODULES = YES;
				CLANG_ENABLE_OBJC_ARC = YES;
				CLANG_WARN_BOOL_CONVERSION = YES;
				CLANG_WARN_CONSTANT_CONVERSION = YES;
				CLANG_WARN_DIRECT_OBJC_ISA_USAGE = YES_ERROR;
				CLANG_WARN_EMPTY_BODY = YES;
				CLANG_WARN_ENUM_CONVERSION = YES;
				CLANG_WARN_INT_CONVERSION = YES;
				CLANG_WARN_OBJC_ROOT_CLASS = YES_ERROR;
				CLANG_WARN__DUPLICATE_METHOD_MATCH = YES;
				"CODE_SIGN_IDENTITY[sdk=iphoneos*]" = "iPhone Developer";
				COPY_PHASE_STRIP = YES;
				ENABLE_NS_ASSERTIONS = NO;
				GCC_C_LANGUAGE_STANDARD = gnu99;
				GCC_WARN_64_TO_32_BIT_CONVERSION = YES;
				GCC_WARN_ABOUT_RETURN_TYPE = YES_ERROR;
				GCC_WARN_UNDECLARED_SELECTOR = YES;
				GCC_WARN_UNINITIALIZED_AUTOS = YES_AGGRESSIVE;
				GCC_WARN_UNUSED_FUNCTION = YES;
				GCC_WARN_UNUSED_VARIABLE = YES;
				IPHONEOS_DEPLOYMENT_TARGET = 7.1;
				SDKROOT = iphoneos;
				VALIDATE_PRODUCT = YES;
			};
			name = Release;
		};
		66C74FC41A27CC31007804C6 /* Debug */ = {
			isa = XCBuildConfiguration;
			buildSettings = {
				ASSETCATALOG_COMPILER_APPICON_NAME = AppIcon;
				ASSETCATALOG_COMPILER_LAUNCHIMAGE_NAME = LaunchImage;
				GCC_PRECOMPILE_PREFIX_HEADER = YES;
				GCC_PREFIX_HEADER = "Git Test/Git Test-Prefix.pch";
				INFOPLIST_FILE = "Git Test/Git Test-Info.plist";
				PRODUCT_NAME = "$(TARGET_NAME)";
				WRAPPER_EXTENSION = app;
			};
			name = Debug;
		};
		66C74FC51A27CC31007804C6 /* Release */ = {
			isa = XCBuildConfiguration;
			buildSettings = {
				ASSETCATALOG_COMPILER_APPICON_NAME = AppIcon;
				ASSETCATALOG_COMPILER_LAUNCHIMAGE_NAME = LaunchImage;
				GCC_PRECOMPILE_PREFIX_HEADER = YES;
				GCC_PREFIX_HEADER = "Git Test/Git Test-Prefix.pch";
				INFOPLIST_FILE = "Git Test/Git Test-Info.plist";
				PRODUCT_NAME = "$(TARGET_NAME)";
				WRAPPER_EXTENSION = app;
			};
			name = Release;
		};
		66C74FC71A27CC31007804C6 /* Debug */ = {
			isa = XCBuildConfiguration;
			buildSettings = {
				BUNDLE_LOADER = "$(BUILT_PRODUCTS_DIR)/Git Test.app/Git Test";
				FRAMEWORK_SEARCH_PATHS = (
					"$(SDKROOT)/Developer/Library/Frameworks",
					"$(inherited)",
					"$(DEVELOPER_FRAMEWORKS_DIR)",
				);
				GCC_PRECOMPILE_PREFIX_HEADER = YES;
				GCC_PREFIX_HEADER = "Git Test/Git Test-Prefix.pch";
				GCC_PREPROCESSOR_DEFINITIONS = (
					"DEBUG=1",
					"$(inherited)",
				);
				INFOPLIST_FILE = "Git TestTests/Git TestTests-Info.plist";
				PRODUCT_NAME = "$(TARGET_NAME)";
				TEST_HOST = "$(BUNDLE_LOADER)";
				WRAPPER_EXTENSION = xctest;
			};
			name = Debug;
		};
		66C74FC81A27CC31007804C6 /* Release */ = {
			isa = XCBuildConfiguration;
			buildSettings = {
				BUNDLE_LOADER = "$(BUILT_PRODUCTS_DIR)/Git Test.app/Git Test";
				FRAMEWORK_SEARCH_PATHS = (
					"$(SDKROOT)/Developer/Library/Frameworks",
					"$(inherited)",
					"$(DEVELOPER_FRAMEWORKS_DIR)",
				);
				GCC_PRECOMPILE_PREFIX_HEADER = YES;
				GCC_PREFIX_HEADER = "Git Test/Git Test-Prefix.pch";
				INFOPLIST_FILE = "Git TestTests/Git TestTests-Info.plist";
				PRODUCT_NAME = "$(TARGET_NAME)";
				TEST_HOST = "$(BUNDLE_LOADER)";
				WRAPPER_EXTENSION = xctest;
			};
			name = Release;
		};
/* End XCBuildConfiguration section */

/* Begin XCConfigurationList section */
		66C74F8C1A27CC31007804C6 /* Build configuration list for PBXProject "Git Test" */ = {
			isa = XCConfigurationList;
			buildConfigurations = (
				66C74FC11A27CC31007804C6 /* Debug */,
				66C74FC21A27CC31007804C6 /* Release */,
			);
			defaultConfigurationIsVisible = 0;
			defaultConfigurationName = Release;
		};
		66C74FC31A27CC31007804C6 /* Build configuration list for PBXNativeTarget "Git Test" */ = {
			isa = XCConfigurationList;
			buildConfigurations = (
				66C74FC41A27CC31007804C6 /* Debug */,
				66C74FC51A27CC31007804C6 /* Release */,
			);
			defaultConfigurationIsVisible = 0;
		};
		66C74FC61A27CC31007804C6 /* Build configuration list for PBXNativeTarget "Git TestTests" */ = {
			isa = XCConfigurationList;
			buildConfigurations = (
				66C74FC71A27CC31007804C6 /* Debug */,
				66C74FC81A27CC31007804C6 /* Release */,
			);
			defaultConfigurationIsVisible = 0;
		};
/* End XCConfigurationList section */
	};
	rootObject = 66C74F891A27CC31007804C6 /* Project object */;
}
